
Microsoft Visual Studio Solution File, Format Version 12.00
# Visual Studio Version 17
VisualStudioVersion = 17.14.36623.8 d17.14
MinimumVisualStudioVersion = 10.0.40219.1
Project("{FAE04EC0-301F-11D3-BF4B-00C04F79EFBC}") = "POS", "POS\POS.csproj", "{275AC2EF-D6E8-4E59-8BCC-07814102399C}"
EndProject
Global
	GlobalSection(SolutionConfigurationPlatforms) = preSolution
		Debug|Any CPU = Debug|Any CPU
		Release|Any CPU = Release|Any CPU
	EndGlobalSection
	GlobalSection(ProjectConfigurationPlatforms) = postSolution
		{275AC2EF-D6E8-4E59-8BCC-07814102399C}.Debug|Any CPU.ActiveCfg = Debug|Any CPU
		{275AC2EF-D6E8-4E59-8BCC-07814102399C}.Debug|Any CPU.Build.0 = Debug|Any CPU
		{275AC2EF-D6E8-4E59-8BCC-07814102399C}.Release|Any CPU.ActiveCfg = Release|Any CPU
		{275AC2EF-D6E8-4E59-8BCC-07814102399C}.Release|Any CPU.Build.0 = Release|Any CPU
	EndGlobalSection
	GlobalSection(SolutionProperties) = preSolution
		HideSolutionNode = FALSE
	EndGlobalSection
	GlobalSection(ExtensibilityGlobals) = postSolution
		SolutionGuid = {B2F855AB-26F4-4E3B-B736-9311003998C8}
	EndGlobalSection
EndGlobal
